{
  "nodes": {
    "_1password-shell-plugins": {
      "inputs": {
        "nixpkgs": [
          "nixpkgs"
        ],
        "systems": "systems"
      },
      "locked": {
        "lastModified": 1787584551,
        "narHash": "sha256-UuGRb/9tvnbWn741zEnf1hmobi12phCHQU07BxXMQ5M=",
        "owner": "1Password",
        "repo": "shell-plugins",
        "rev": "d336dee9787d7dd601b447ac8fbfc47cb5d3943a",
        "type": "github"
      },
      "original": {
        "owner": "1Password",
        "repo": "shell-plugins",
        "type": "github"
      }
    },
    "anthropic-skills": {
      "flake": false,
      "locked": {
        "lastModified": 1787332253,
        "narHash": "sha256-nVid8vENmLDh7ffDqh+bJbEWtXcVltA0qa2rItmniZM=",
        "owner": "anthropics",
        "repo": "skills",
        "rev": "3b3fad96af16a10759d930941b4520ba0c40edae",
        "type": "github"
      },
      "original": {
        "owner": "anthropics",
        "repo": "skills",
        "type": "github"
      }
    },
    "bun2nix": {
      "inputs": {
        "flake-parts": [
          "llm-agents",
          "flake-parts"
        ],
        "nixpkgs": [
          "llm-agents",
          "nixpkgs"
        ],
        "systems": [
          "llm-agents",
          "systems"
        ],
        "treefmt-nix": [
          "llm-agents",
          "treefmt-nix"
        ]
      },
      "locked": {
        "lastModified": 1784665499,
        "narHash": "sha256-9BMxlTxCCDAeoNLtb1a/st7udtTIJep+wpUzquA29VU=",
        "owner": "nix-community",
        "repo": "bun2nix",
        "rev": "0f2a1f0b6f42cebe3b149bf62d38754c5e0e9729",
        "type": "github"
      },
      "original": {
        "owner": "nix-community",
        "repo": "bun2nix",
        "type": "github"
      }
    },
    "caveman": {
      "flake": false,
      "locked": {
        "lastModified": 1788039956,
        "narHash": "sha256-KuOJYB+HH/vhQLEDOuHEETNUNtHSHdDuxvb5xFjk7Jc=",
        "owner": "JuliusBrussee",
        "repo": "caveman",
        "rev": "df2ccd85c94ec3c8289cb62ac020d241ccfb0c60",
        "type": "github"
      },
      "original": {
        "owner": "JuliusBrussee",
        "repo": "caveman",
        "type": "github"
      }
    },
    "claude-plugins-official": {
      "flake": false,
      "locked": {
        "lastModified": 1787942454,
        "narHash": "sha256-wimwSUFVxE2TbhHeVE+iknfjHV6Ljv1AJ2X6hIbbsgI=",
        "owner": "anthropics",
        "repo": "claude-plugins-official",
        "rev": "ed404106fcd80ba98ecb7c851e531dcb626d13b7",
        "type": "github"
      },
      "original": {
        "owner": "anthropics",
        "repo": "claude-plugins-official",
        "type": "github"
      }
    },
    "flake-compat": {
      "flake": false,
      "locked": {
        "lastModified": 1767039857,
        "narHash": "sha256-vNpUSpF5Nuw8xvDLj2KCwwksIbjua2LZCqhV1LNRDns=",
        "owner": "edolstra",
        "repo": "flake-compat",
        "rev": "5edf11c44bc78a0d334f6334cdaf7d60d732daab",
        "type": "github"
      },
      "original": {
        "owner": "edolstra",
        "repo": "flake-compat",
        "type": "github"
      }
    },
    "flake-parts": {
      "inputs": {
        "nixpkgs-lib": [
          "llm-agents",
          "nixpkgs"
        ]
      },
      "locked": {
        "lastModified": 1787559586,
        "narHash": "sha256-onL0VLf9vPllmT0H/OlURIU5r5t5WIEl7t4tVNKT0Nw=",
        "owner": "hercules-ci",
        "repo": "flake-parts",
        "rev": "9d0d87172c374f89da73c1cfe6d81ae62feac1f1",
        "type": "github"
      },
      "original": {
        "owner": "hercules-ci",
        "repo": "flake-parts",
        "type": "github"
      }
    },
    "ghostty": {
      "inputs": {
        "flake-compat": "flake-compat",
        "home-manager": "home-manager",
        "nixpkgs": [
          "nixpkgs"
        ],
        "systems": "systems_2",
        "zig": "zig",
        "zon2nix": "zon2nix"
      },
      "locked": {
        "lastModified": 1788059271,
        "narHash": "sha256-0/ydht5NiVs3zig8tqZASWdEZmn0QRt3LUo6GTVfd0w=",
        "owner": "ghostty-org",
        "repo": "ghostty",
        "rev": "83c56715773d2b5f0e8b1d5bee68424514bb43e3",
        "type": "github"
      },
      "original": {
        "owner": "ghostty-org",
        "repo": "ghostty",
        "type": "github"
      }
    },
    "github-skills": {
      "flake": false,
      "locked": {
        "lastModified": 1787895672,
        "narHash": "sha256-7JKM9V5IP/fqy8E3xZdLBlIiFtDhnKMtDwc/7EiUPOs=",
        "owner": "github",
        "repo": "awesome-copilot",
        "rev": "f11a4e441c5ff061b4f8ae37952be8c602e4034e",
        "type": "github"
      },
      "original": {
        "owner": "github",
        "repo": "awesome-copilot",
        "type": "github"
      }
    },
    "go-modern-guidelines": {
      "flake": false,
      "locked": {
        "lastModified": 1788028788,
        "narHash": "sha256-OL1ATsqoNUht4M28j2tZKPzxeaMhyWQJ9gGIoMbKARo=",
        "owner": "JetBrains",
        "repo": "go-modern-guidelines",
        "rev": "ae7766cc2e59e2dba182c18fe8d799c799a0d841",
        "type": "github"
      },
      "original": {
        "owner": "JetBrains",
        "repo": "go-modern-guidelines",
        "type": "github"
      }
    },
    "google-skills": {
      "flake": false,
      "locked": {
        "lastModified": 1787959928,
        "narHash": "sha256-/xsb2AXgAwe/8P//Brap+NzqkWKnInV6PTm18brX1v4=",
        "owner": "google",
        "repo": "skills",
        "rev": "a7123f80525a4438bc9601d7d6511dfde674b620",
        "type": "github"
      },
      "original": {
        "owner": "google",
        "repo": "skills",
        "type": "github"
      }
    },
    "home-manager": {
      "inputs": {
        "nixpkgs": [
          "ghostty",
          "nixpkgs"
        ]
      },
      "locked": {
        "lastModified": 1787661347,
        "narHash": "sha256-THmnBAdAIV+jT348f3r/vyoeb6ilhcVLwVXkBU7Pai8=",
        "owner": "nix-community",
        "repo": "home-manager",
        "rev": "52c3a5881c821ad7367bbde075e52b76cdb378ab",
        "type": "github"
      },
      "original": {
        "owner": "nix-community",
        "repo": "home-manager",
        "type": "github"
      }
    },
    "home-manager_2": {
      "inputs": {
        "nixpkgs": [
          "nixpkgs"
        ]
      },
      "locked": {
        "lastModified": 1787797243,
        "narHash": "sha256-8+Q7NOB7RPajRjA4pbCDLzqH+MTjnG9x6LUPLfL2joA=",
        "owner": "nix-community",
        "repo": "home-manager",
        "rev": "99c9ec63390f1d8c14d95d9e8b17cc29cfbd4e11",
        "type": "github"
      },
      "original": {
        "owner": "nix-community",
        "repo": "home-manager",
        "type": "github"
      }
    },
    "llm-agents": {
      "inputs": {
        "bun2nix": "bun2nix",
        "flake-parts": "flake-parts",
        "nixpkgs": "nixpkgs",
        "systems": "systems_3",
        "treefmt-nix": "treefmt-nix"
      },
      "locked": {
        "lastModified": 1788063845,
        "narHash": "sha256-SdJE2vyoZJr+8iOoau7UDZAKD2hRhi51LYSBCDthiHM=",
        "owner": "numtide",
        "repo": "llm-agents.nix",
        "rev": "b7e6d6d4cb01ee1bc704db8e11629adec7e2509c",
        "type": "github"
      },
      "original": {
        "owner": "numtide",
        "repo": "llm-agents.nix",
        "type": "github"
      }
    },
    "nix-darwin": {
      "inputs": {
        "nixpkgs": [
          "nixpkgs"
        ]
      },
      "locked": {
        "lastModified": 1786845137,
        "narHash": "sha256-oQFip+v0luP8NIxJzmiW4Wu8bILsbFWom5l0zonl8hQ=",
        "owner": "nix-darwin",
        "repo": "nix-darwin",
        "rev": "4cff07de74b50e64bdd68cd4e722ab5b6b35ee48",
        "type": "github"
      },
      "original": {
        "owner": "nix-darwin",
        "ref": "master",
        "repo": "nix-darwin",
        "type": "github"
      }
    },
    "nix-index-database": {
      "inputs": {
        "nixpkgs": [
          "nixpkgs"
        ]
      },
      "locked": {
        "lastModified": 1787457452,
        "narHash": "sha256-FJh4esFS3zqNNuKwvN3t6wrJGewqp1AUF9DAEvoKPD8=",
        "owner": "nix-community",
        "repo": "nix-index-database",
        "rev": "c51d5c2ba69c907a34e90c9b6b80cd2b93811745",
        "type": "github"
      },
      "original": {
        "owner": "nix-community",
        "repo": "nix-index-database",
        "type": "github"
      }
    },
    "nixpkgs": {
      "locked": {
        "lastModified": 1787424095,
        "narHash": "sha256-dWLO5AHhKaw6rdWCtTes8hnntT1r0/J5yhQGm0f0ZgU=",
        "owner": "NixOS",
        "repo": "nixpkgs",
        "rev": "174eb786fb68e3a13e4e535a3deea479a0c07a6a",
        "type": "github"
      },
      "original": {
        "owner": "NixOS",
        "ref": "nixpkgs-unstable",
        "repo": "nixpkgs",
        "type": "github"
      }
    },
    "nixpkgs_2": {
      "locked": {
        "lastModified": 1787964612,
        "narHash": "sha256-0N9nghg3nwzX6b6qc77EzjR9cu/Z+UR66FlfsCqiURs=",
        "owner": "NixOS",
        "repo": "nixpkgs",
        "rev": "e8be7818e19ada32105a8af937a6a473b38167ca",
        "type": "github"
      },
      "original": {
        "owner": "NixOS",
        "ref": "nixpkgs-unstable",
        "repo": "nixpkgs",
        "type": "github"
      }
    },
    "openai-plugins": {
      "flake": false,
      "locked": {
        "lastModified": 1787947260,
        "narHash": "sha256-djk3afqYobFUQT3lGAXYRpOcgwaAWLGQX18+OV4QmtI=",
        "owner": "openai",
        "repo": "plugins",
        "rev": "1e285826e604f66f7208f7ac4dba0fe8341d1f57",
        "type": "github"
      },
      "original": {
        "owner": "openai",
        "repo": "plugins",
        "type": "github"
      }
    },
    "ponytail": {
      "flake": false,
      "locked": {
        "lastModified": 1786139041,
        "narHash": "sha256-bGdXvzhWPwGdz3T2Yh2h6lf+3PBRFAfdBxP5pESmCHI=",
        "owner": "DietrichGebert",
        "repo": "ponytail",
        "rev": "2ed6c52c9d7e5e56942508591085fd45dea277d3",
        "type": "github"
      },
      "original": {
        "owner": "DietrichGebert",
        "repo": "ponytail",
        "type": "github"
      }
    },
    "root": {
      "inputs": {
        "_1password-shell-plugins": "_1password-shell-plugins",
        "anthropic-skills": "anthropic-skills",
        "caveman": "caveman",
        "claude-plugins-official": "claude-plugins-official",
        "ghostty": "ghostty",
        "github-skills": "github-skills",
        "go-modern-guidelines": "go-modern-guidelines",
        "google-skills": "google-skills",
        "home-manager": "home-manager_2",
        "llm-agents": "llm-agents",
        "nix-darwin": "nix-darwin",
        "nix-index-database": "nix-index-database",
        "nixpkgs": "nixpkgs_2",
        "openai-plugins": "openai-plugins",
        "ponytail": "ponytail",
        "rust-overlay": "rust-overlay",
        "superpowers-skills": "superpowers-skills",
        "tree-sitter": "tree-sitter",
        "treefmt-nix": "treefmt-nix_2"
      }
    },
    "rust-overlay": {
      "inputs": {
        "nixpkgs": [
          "nixpkgs"
        ]
      },
      "locked": {
        "lastModified": 1787993548,
        "narHash": "sha256-+IAEnmmx5YIhUWo0lp15jLLHchnXo5yKgWsi6C6Cf+0=",
        "owner": "oxalica",
        "repo": "rust-overlay",
        "rev": "996e9b0b019a4a9eb9e9a5641aefa06d801b5895",
        "type": "github"
      },
      "original": {
        "owner": "oxalica",
        "repo": "rust-overlay",
        "type": "github"
      }
    },
    "superpowers-skills": {
      "flake": false,
      "locked": {
        "lastModified": 1786553601,
        "narHash": "sha256-EsGNO0dULWf5Bx6bGrCv2kI2Z8aKH0kRvGiuN23wChQ=",
        "owner": "obra",
        "repo": "superpowers",
        "rev": "b36e0829c6d0140e93cfef2ca599b1b07d4a7797",
        "type": "github"
      },
      "original": {
        "owner": "obra",
        "repo": "superpowers",
        "type": "github"
      }
    },
    "systems": {
      "locked": {
        "lastModified": 1681028828,
        "narHash": "sha256-Vy1rq5AaRuLzOxct8nz4T6wlgyUR7zLU309k9mBC768=",
        "owner": "nix-systems",
        "repo": "default",
        "rev": "da67096a3b9bf56a91d16901293e51ba5b49a27e",
        "type": "github"
      },
      "original": {
        "owner": "nix-systems",
        "repo": "default",
        "type": "github"
      }
    },
    "systems_2": {
      "flake": false,
      "locked": {
        "lastModified": 1681028828,
        "narHash": "sha256-Vy1rq5AaRuLzOxct8nz4T6wlgyUR7zLU309k9mBC768=",
        "owner": "nix-systems",
        "repo": "default",
        "rev": "da67096a3b9bf56a91d16901293e51ba5b49a27e",
        "type": "github"
      },
      "original": {
        "owner": "nix-systems",
        "repo": "default",
        "type": "github"
      }
    },
    "systems_3": {
      "locked": {
        "lastModified": 1681028828,
        "narHash": "sha256-Vy1rq5AaRuLzOxct8nz4T6wlgyUR7zLU309k9mBC768=",
        "owner": "nix-systems",
        "repo": "default",
        "rev": "da67096a3b9bf56a91d16901293e51ba5b49a27e",
        "type": "github"
      },
      "original": {
        "owner": "nix-systems",
        "repo": "default",
        "type": "github"
      }
    },
    "tree-sitter": {
      "inputs": {
        "nixpkgs": [
          "nixpkgs"
        ]
      },
      "locked": {
        "lastModified": 1788051990,
        "narHash": "sha256-lktmghE3QgwVtZDFOPLZ0i5GRS0akHOeoGWRn+6Id6Y=",
        "owner": "tree-sitter",
        "repo": "tree-sitter",
        "rev": "efa0dd9a364dd19af7a5ad7fe5350f87fdc8c032",
        "type": "github"
      },
      "original": {
        "owner": "tree-sitter",
        "repo": "tree-sitter",
        "type": "github"
      }
    },
    "treefmt-nix": {
      "inputs": {
        "nixpkgs": [
          "llm-agents",
          "nixpkgs"
        ]
      },
      "locked": {
        "lastModified": 1786901030,
        "narHash": "sha256-WSFCsDSE5ffgD2MqzkM2CYjeFiKhRF/dJUN8uedb6YE=",
        "owner": "numtide",
        "repo": "treefmt-nix",
        "rev": "27b3b12a8e6375f28ebe122f07d230ca5459bbfa",
        "type": "github"
      },
      "original": {
        "owner": "numtide",
        "repo": "treefmt-nix",
        "type": "github"
      }
    },
    "treefmt-nix_2": {
      "inputs": {
        "nixpkgs": [
          "nixpkgs"
        ]
      },
      "locked": {
        "lastModified": 1786901030,
        "narHash": "sha256-WSFCsDSE5ffgD2MqzkM2CYjeFiKhRF/dJUN8uedb6YE=",
        "owner": "numtide",
        "repo": "treefmt-nix",
        "rev": "27b3b12a8e6375f28ebe122f07d230ca5459bbfa",
        "type": "github"
      },
      "original": {
        "owner": "numtide",
        "repo": "treefmt-nix",
        "type": "github"
      }
    },
    "zig": {
      "inputs": {
        "flake-compat": [
          "ghostty",
          "flake-compat"
        ],
        "nixpkgs": [
          "ghostty",
          "nixpkgs"
        ],
        "systems": [
          "ghostty",
          "systems"
        ]
      },
      "locked": {
        "lastModified": 1787617283,
        "narHash": "sha256-jiM1glpDL5ASrqvcWyacI+c1wZo3g6AUhdo6M09AoiY=",
        "owner": "mitchellh",
        "repo": "zig-overlay",
        "rev": "da55b9fe9260fb3eb1456c3ee6064b8f738e4ba9",
        "type": "github"
      },
      "original": {
        "owner": "mitchellh",
        "repo": "zig-overlay",
        "type": "github"
      }
    },
    "zon2nix": {
      "inputs": {
        "nixpkgs": [
          "ghostty",
          "nixpkgs"
        ]
      },
      "locked": {
        "lastModified": 1784080626,
        "narHash": "sha256-Hvnmnuu0VpHiZl+8z+UkMoxC7JZJvRYBqu2Asb0ZJOE=",
        "owner": "jcollie",
        "repo": "zon2nix",
        "rev": "776b5f6864a607c141d7966421b433fa1657ba9a",
        "type": "github"
      },
      "original": {
        "owner": "jcollie",
        "ref": "main",
        "repo": "zon2nix",
        "type": "github"
      }
    }
  },
  "root": "root",
  "version": 7
}
